
Microsoft Visual Studio Solution File, Format Version 12.00
# Visual Studio Version 16
VisualStudioVersion = 16.0.31410.357
MinimumVisualStudioVersion = 10.0.40219.1
Project("{FAE04EC0-301F-11D3-BF4B-00C04F79EFBC}") = "MyFirstApp", "MyFirstApp.csproj", "{A8DD8EBB-CDE9-4F3E-B608-A1E1A6317563}"
EndProject
Project("{FAE04EC0-301F-11D3-BF4B-00C04F79EFBC}") = "MyFirstAppTests", "..\MyFirstAppTests\MyFirstAppTests.csproj", "{74E5D629-D5DF-42C3-9B97-9F766C9D9F8B}"
EndProject
Global
	GlobalSection(SolutionConfigurationPlatforms) = preSolution
		Debug|Any CPU = Debug|Any CPU
		Release|Any CPU = Release|Any CPU
	EndGlobalSection
	GlobalSection(ProjectConfigurationPlatforms) = postSolution
		{A8DD8EBB-CDE9-4F3E-B608-A1E1A6317563}.Debug|Any CPU.ActiveCfg = Debug|Any CPU
		{A8DD8EBB-CDE9-4F3E-B608-A1E1A6317563}.Debug|Any CPU.Build.0 = Debug|Any CPU
		{A8DD8EBB-CDE9-4F3E-B608-A1E1A6317563}.Release|Any CPU.ActiveCfg = Release|Any CPU
		{A8DD8EBB-CDE9-4F3E-B608-A1E1A6317563}.Release|Any CPU.Build.0 = Release|Any CPU
		{74E5D629-D5DF-42C3-9B97-9F766C9D9F8B}.Debug|Any CPU.ActiveCfg = Debug|Any CPU
		{74E5D629-D5DF-42C3-9B97-9F766C9D9F8B}.Debug|Any CPU.Build.0 = Debug|Any CPU
		{74E5D629-D5DF-42C3-9B97-9F766C9D9F8B}.Release|Any CPU.ActiveCfg = Release|Any CPU
		{74E5D629-D5DF-42C3-9B97-9F766C9D9F8B}.Release|Any CPU.Build.0 = Release|Any CPU
	EndGlobalSection
	GlobalSection(SolutionProperties) = preSolution
		HideSolutionNode = FALSE
	EndGlobalSection
	GlobalSection(ExtensibilityGlobals) = postSolution
		SolutionGuid = {AE968F27-263F-4EB5-A036-EBF0E16540D5}
	EndGlobalSection
EndGlobal
